
Microsoft Visual Studio Solution File, Format Version 12.00
# Visual Studio Version 16
VisualStudioVersion = 16.0.31729.503
MinimumVisualStudioVersion = 10.0.40219.1
Project("{FAE04EC0-301F-11D3-BF4B-00C04F79EFBC}") = "TestProject", "TestProject\TestProject.csproj", "{8EE2DE76-BBE3-42D2-A1BA-E93EF7C886BA}"
EndProject
Project("{FAE04EC0-301F-11D3-BF4B-00C04F79EFBC}") = "DAL", "DAL\DAL.csproj", "{FA25A5E6-FBF8-4E41-A23B-8B67FC37A482}"
EndProject
Global
	GlobalSection(SolutionConfigurationPlatforms) = preSolution
		Debug|Any CPU = Debug|Any CPU
		Release|Any CPU = Release|Any CPU
	EndGlobalSection
	GlobalSection(ProjectConfigurationPlatforms) = postSolution
		{8EE2DE76-BBE3-42D2-A1BA-E93EF7C886BA}.Debug|Any CPU.ActiveCfg = Debug|Any CPU
		{8EE2DE76-BBE3-42D2-A1BA-E93EF7C886BA}.Debug|Any CPU.Build.0 = Debug|Any CPU
		{8EE2DE76-BBE3-42D2-A1BA-E93EF7C886BA}.Release|Any CPU.ActiveCfg = Release|Any CPU
		{8EE2DE76-BBE3-42D2-A1BA-E93EF7C886BA}.Release|Any CPU.Build.0 = Release|Any CPU
		{FA25A5E6-FBF8-4E41-A23B-8B67FC37A482}.Debug|Any CPU.ActiveCfg = Debug|Any CPU
		{FA25A5E6-FBF8-4E41-A23B-8B67FC37A482}.Debug|Any CPU.Build.0 = Debug|Any CPU
		{FA25A5E6-FBF8-4E41-A23B-8B67FC37A482}.Release|Any CPU.ActiveCfg = Release|Any CPU
		{FA25A5E6-FBF8-4E41-A23B-8B67FC37A482}.Release|Any CPU.Build.0 = Release|Any CPU
	EndGlobalSection
	GlobalSection(SolutionProperties) = preSolution
		HideSolutionNode = FALSE
	EndGlobalSection
	GlobalSection(ExtensibilityGlobals) = postSolution
		SolutionGuid = {ECA2612E-0206-4473-93FA-67B41E519C54}
	EndGlobalSection
EndGlobal
